
Microsoft Visual Studio Solution File, Format Version 12.00
# Visual Studio Version 17
VisualStudioVersion = 17.10.34916.146
MinimumVisualStudioVersion = 10.0.40219.1
Project("{FAE04EC0-301F-11D3-BF4B-00C04F79EFBC}") = "RoomManagementHub", "RoomManagementHub\RoomManagementHub.csproj", "{8B207E58-BF68-4323-BCA5-3BAD5C2D109E}"
EndProject
Global
	GlobalSection(SolutionConfigurationPlatforms) = preSolution
		Debug|Any CPU = Debug|Any CPU
		Release|Any CPU = Release|Any CPU
	EndGlobalSection
	GlobalSection(ProjectConfigurationPlatforms) = postSolution
		{8B207E58-BF68-4323-BCA5-3BAD5C2D109E}.Debug|Any CPU.ActiveCfg = Debug|Any CPU
		{8B207E58-BF68-4323-BCA5-3BAD5C2D109E}.Debug|Any CPU.Build.0 = Debug|Any CPU
		{8B207E58-BF68-4323-BCA5-3BAD5C2D109E}.Release|Any CPU.ActiveCfg = Release|Any CPU
		{8B207E58-BF68-4323-BCA5-3BAD5C2D109E}.Release|Any CPU.Build.0 = Release|Any CPU
	EndGlobalSection
	GlobalSection(SolutionProperties) = preSolution
		HideSolutionNode = FALSE
	EndGlobalSection
	GlobalSection(ExtensibilityGlobals) = postSolution
		SolutionGuid = {45EA9635-73A6-4D92-A516-BC8F7A79EA8F}
	EndGlobalSection
EndGlobal
